
Microsoft Visual Studio Solution File, Format Version 12.00
# Visual Studio Version 17
VisualStudioVersion = 17.0.31903.59
MinimumVisualStudioVersion = 10.0.40219.1
Project("{FAE04EC0-301F-11D3-BF4B-00C04F79EFBC}") = "AnimalAllies.Web", "src\AnimalAllies.Web\AnimalAllies.Web.csproj", "{AAC125D5-C812-43F0-BB44-37FB8560B798}"
EndProject
Project("{2150E333-8FDC-42A3-9474-1A3956D46DE8}") = "Solution Items", "Solution Items", "{D292F217-59CD-4BD3-8866-9040EF38A135}"
	ProjectSection(SolutionItems) = preProject
		docker-compose.yml = docker-compose.yml
	EndProjectSection
EndProject
Project("{2150E333-8FDC-42A3-9474-1A3956D46DE8}") = "tests", "tests", "{577BA787-2133-46A6-A6EB-71DF80E34DB1}"
EndProject
Project("{FAE04EC0-301F-11D3-BF4B-00C04F79EFBC}") = "TestProject.Domain", "tests\TestProject.Domain\TestProject.Domain.csproj", "{9D78674C-74F3-442D-8317-25F98C5A17FE}"
EndProject
Project("{FAE04EC0-301F-11D3-BF4B-00C04F79EFBC}") = "AnimalAllies.Volunteer.Application", "src\PetManagement\AnimalAllies.Volunteer.Application\AnimalAllies.Volunteer.Application.csproj", "{5FB75F59-9751-4158-A630-4F6CCE54FDEE}"
EndProject
Project("{FAE04EC0-301F-11D3-BF4B-00C04F79EFBC}") = "AnimalAllies.Volunteer.Domain", "src\PetManagement\AnimalAllies.Volunteer.Domain\AnimalAllies.Volunteer.Domain.csproj", "{2D8745AE-8A26-4F88-84BD-90E0A39B074F}"
EndProject
Project("{FAE04EC0-301F-11D3-BF4B-00C04F79EFBC}") = "AnimalAllies.Volunteer.Presentation", "src\PetManagement\AnimalAllies.Volunteer.Controllers\AnimalAllies.Volunteer.Presentation.csproj", "{2D997510-F498-4DD0-8F0B-8EF34DB3674D}"
EndProject
Project("{FAE04EC0-301F-11D3-BF4B-00C04F79EFBC}") = "AnimalAllies.Volunteer.Infrastructure", "src\PetManagement\AnimalAllies.Volunteer.Infrastructure\AnimalAllies.Volunteer.Infrastructure.csproj", "{D804F76F-B084-47E9-9B85-9CF4E45E978E}"
EndProject
Project("{FAE04EC0-301F-11D3-BF4B-00C04F79EFBC}") = "AnimalAllies.Core", "src\Shared\AnimalAllies.Core\AnimalAllies.Core.csproj", "{C4DB207B-900D-49FE-9851-E767272E39BC}"
EndProject
Project("{FAE04EC0-301F-11D3-BF4B-00C04F79EFBC}") = "AnimalAllies.Species.Domain", "src\BreedManagement\AnimalAllies.Species.Domain\AnimalAllies.Species.Domain.csproj", "{701044DD-0E01-4D19-BE05-D2B3620D3A7A}"
EndProject
Project("{FAE04EC0-301F-11D3-BF4B-00C04F79EFBC}") = "AnimalAllies.Species.Application", "src\BreedManagement\AnimalAllies.Species.Application\AnimalAllies.Species.Application.csproj", "{C2D2B663-8662-47A9-9B43-9B917A700247}"
EndProject
Project("{FAE04EC0-301F-11D3-BF4B-00C04F79EFBC}") = "AnimalAllies.Species.Infrastructure", "src\BreedManagement\AnimalAllies.Species.Infrastructure\AnimalAllies.Species.Infrastructure.csproj", "{29DF6F1E-8742-4E5B-A4D9-9F39B34A14C8}"
EndProject
Project("{FAE04EC0-301F-11D3-BF4B-00C04F79EFBC}") = "AnimalAllies.Species.Presentation", "src\BreedManagement\AnimalAllies.Species.Controllers\AnimalAllies.Species.Presentation.csproj", "{99203840-3B33-44DB-A9B7-2DEC2ACFF7B3}"
EndProject
Project("{FAE04EC0-301F-11D3-BF4B-00C04F79EFBC}") = "AnimalAllies.SharedKernel", "src\Shared\AnimalAllies.SharedKernel\AnimalAllies.SharedKernel.csproj", "{CC284921-DF0B-453D-B3B5-EEBF7DEF6B47}"
EndProject
Project("{FAE04EC0-301F-11D3-BF4B-00C04F79EFBC}") = "AnimalAllies.Framework", "src\Shared\AnimalAllies.Framework\AnimalAllies.Framework.csproj", "{5482CD78-B40B-4A77-9102-8494ED9113ED}"
EndProject
Project("{2150E333-8FDC-42A3-9474-1A3956D46DE8}") = "PetManagement", "PetManagement", "{74FB658E-257B-46FD-BDA2-CCB04BCF4E2B}"
EndProject
Project("{2150E333-8FDC-42A3-9474-1A3956D46DE8}") = "BreedManagement", "BreedManagement", "{F064CD6B-B9AA-4FF3-8528-19F9D194B1DE}"
EndProject
Project("{2150E333-8FDC-42A3-9474-1A3956D46DE8}") = "Shared", "Shared", "{A4F8C4B6-7C55-4871-9FBF-35CA3FD91814}"
EndProject
Project("{FAE04EC0-301F-11D3-BF4B-00C04F79EFBC}") = "AnimalAllies.Volunteer.Contracts", "src\PetManagement\AnimalAllies.Volunteer.Contracts\AnimalAllies.Volunteer.Contracts.csproj", "{3FFEADBE-25E3-43AF-B74C-75BC4E9EEE2A}"
EndProject
Project("{FAE04EC0-301F-11D3-BF4B-00C04F79EFBC}") = "AnimalAllies.Species.Contracts", "src\BreedManagement\AnimalAllies.Species.Contracts\AnimalAllies.Species.Contracts.csproj", "{F2F5991E-7DBD-4FC3-87F2-73055763E0EB}"
EndProject
Project("{2150E333-8FDC-42A3-9474-1A3956D46DE8}") = "Accounts", "Accounts", "{8A3603E7-A45B-47DF-A508-FCD9AD890C5E}"
EndProject
Project("{FAE04EC0-301F-11D3-BF4B-00C04F79EFBC}") = "AnimalAllies.Accounts.Domain", "src\Accounts\AnimalAllies.Accounts.Domain\AnimalAllies.Accounts.Domain.csproj", "{FC99C3CF-27DA-4BEB-AF84-099AD1809745}"
EndProject
Project("{FAE04EC0-301F-11D3-BF4B-00C04F79EFBC}") = "AnimalAllies.Accounts.Infrastructure", "src\Accounts\AnimalAllies.Accounts.Infrastructure\AnimalAllies.Accounts.Infrastructure.csproj", "{809B2A99-EC39-4C16-A92A-5DB1FFB4D10D}"
EndProject
Project("{FAE04EC0-301F-11D3-BF4B-00C04F79EFBC}") = "AnimalAllies.Accounts.Application", "src\Accounts\AnimalAllies.Accounts.Application\AnimalAllies.Accounts.Application.csproj", "{DF025B0B-ACFD-4154-9003-0D065E52D671}"
EndProject
Project("{FAE04EC0-301F-11D3-BF4B-00C04F79EFBC}") = "AnimalAllies.Accounts.Contracts", "src\Accounts\AnimalAllies.Accounts.Contracts\AnimalAllies.Accounts.Contracts.csproj", "{337C504C-3A24-407B-A30E-F7820661537F}"
EndProject
Project("{FAE04EC0-301F-11D3-BF4B-00C04F79EFBC}") = "AnimalAllies.Accounts.Presentation", "src\Accounts\AnimalAllies.Accounts.Presentation\AnimalAllies.Accounts.Presentation.csproj", "{C22AB55E-4380-49D0-9F5B-874E61C3695B}"
EndProject
Project("{2150E333-8FDC-42A3-9474-1A3956D46DE8}") = "VolunteerRequests", "VolunteerRequests", "{9C094FC9-BD03-4946-AE75-957A217DF12B}"
EndProject
Project("{FAE04EC0-301F-11D3-BF4B-00C04F79EFBC}") = "VolunteerRequests.Domain", "src\VolunteerRequests\VolunteerRequests.Domain\VolunteerRequests.Domain.csproj", "{5284514D-CFD4-4C53-BB78-4BF04D98B253}"
EndProject
Project("{FAE04EC0-301F-11D3-BF4B-00C04F79EFBC}") = "VolunteerRequests.Application", "src\VolunteerRequests\VolunteerRequests.Application\VolunteerRequests.Application.csproj", "{82588A5F-AF28-4190-8DED-8CAC85448CB0}"
EndProject
Project("{FAE04EC0-301F-11D3-BF4B-00C04F79EFBC}") = "VolunteerRequests.Infrastructure", "src\VolunteerRequests\VolunteerRequests.Infrastructure\VolunteerRequests.Infrastructure.csproj", "{019457B8-B9BC-4CC3-B83C-93AEE34506A9}"
EndProject
Project("{FAE04EC0-301F-11D3-BF4B-00C04F79EFBC}") = "VolunteerRequests.Contracts", "src\VolunteerRequests\VolunteerRequests.Contracts\VolunteerRequests.Contracts.csproj", "{D2FF14F0-052D-44D0-A46A-5E85FBF46D60}"
EndProject
Project("{FAE04EC0-301F-11D3-BF4B-00C04F79EFBC}") = "VolunteerRequests.Presentation", "src\VolunteerRequests\VolunteerRequests.Presentation\VolunteerRequests.Presentation.csproj", "{DFCBA6C2-A26A-4BD3-BB4E-AC69AF288FF4}"
EndProject
Project("{2150E333-8FDC-42A3-9474-1A3956D46DE8}") = "Discussion", "Discussion", "{1A5252E1-F2C1-4996-8FDD-B0952AD62D9E}"
EndProject
Project("{FAE04EC0-301F-11D3-BF4B-00C04F79EFBC}") = "Discussion.Domain", "src\Discussion\Discussion.Domain\Discussion.Domain.csproj", "{0F242458-8FAA-481C-A0F3-38D435A0934F}"
EndProject
Project("{FAE04EC0-301F-11D3-BF4B-00C04F79EFBC}") = "Discussion.Application", "src\Discussion\Discussion.Application\Discussion.Application.csproj", "{FFFDE282-A573-4EE9-8CD1-8E6EB2582A37}"
EndProject
Project("{FAE04EC0-301F-11D3-BF4B-00C04F79EFBC}") = "Discussion.Infrastructure", "src\Discussion\Discussion.Infrastructure\Discussion.Infrastructure.csproj", "{DCCA0E56-B33E-4AF7-BF01-E5556C9E099F}"
EndProject
Project("{FAE04EC0-301F-11D3-BF4B-00C04F79EFBC}") = "Discussion.Contracts", "src\Discussion\Discussion.Contracts\Discussion.Contracts.csproj", "{39AAAF3A-C29D-4FCF-B647-0823BB174F91}"
EndProject
Project("{FAE04EC0-301F-11D3-BF4B-00C04F79EFBC}") = "Discussion.Presentation", "src\Discussion\Discussion.Presentation\Discussion.Presentation.csproj", "{ACB16586-CA00-463E-B20B-D1F5CF0FCDDB}"
EndProject
Project("{FAE04EC0-301F-11D3-BF4B-00C04F79EFBC}") = "AnimalAllies.Volunteer.IntegrationTests.Application", "tests\IntegrationTests\AnimalAllies.Volunteer.IntegrationTests.Application\AnimalAllies.Volunteer.IntegrationTests.Application.csproj", "{8349030A-28F8-4081-8E6B-D492DA146915}"
EndProject
Project("{2150E333-8FDC-42A3-9474-1A3956D46DE8}") = "IntegrationTests", "IntegrationTests", "{24BE9756-D6B2-411B-BFBC-C0FCE838A0A2}"
EndProject
Project("{FAE04EC0-301F-11D3-BF4B-00C04F79EFBC}") = "AnimalAllies.Species.IntegrationTests.Application", "tests\IntegrationTests\AnimalAllies.Species.IntegrationTests.Application\AnimalAllies.Species.IntegrationTests.Application.csproj", "{C3FAC076-D9BD-4AA8-98CE-D45D11516581}"
EndProject
Project("{FAE04EC0-301F-11D3-BF4B-00C04F79EFBC}") = "AnimalAllies.Account.IntegrationTests.Application", "tests\IntegrationTests\AnimalAllies.Account.IntegrationTests.Application\AnimalAllies.Account.IntegrationTests.Application.csproj", "{8161B3AE-E14C-4437-8B1B-66306538860A}"
EndProject
Project("{FAE04EC0-301F-11D3-BF4B-00C04F79EFBC}") = "AnimalAllies.VolunteerRequests.IntegrationTests.Application", "tests\IntegrationTests\AnimalAllies.VolunteerRequests.IntegrationTests.Application\AnimalAllies.VolunteerRequests.IntegrationTests.Application.csproj", "{E6D39420-DF95-4E9D-A1AB-95EA5ECFF37E}"
EndProject
Project("{FAE04EC0-301F-11D3-BF4B-00C04F79EFBC}") = "AnimalAllies.Discussion.IntegrationTests.Application", "tests\IntegrationTests\AnimalAllies.Discussion.IntegrationTests.Application\AnimalAllies.Discussion.IntegrationTests.Application.csproj", "{C79AC3F0-2FD8-4577-94CF-254860061F25}"
EndProject
Project("{2150E333-8FDC-42A3-9474-1A3956D46DE8}") = "Outbox", "Outbox", "{37509685-3029-40A5-B1FE-8FC8F7261ED3}"
EndProject
Project("{FAE04EC0-301F-11D3-BF4B-00C04F79EFBC}") = "Outbox", "src\Outbox\Outbox\Outbox.csproj", "{25C16450-3AC8-493F-904D-666285C5C4BA}"
EndProject
Project("{FAE04EC0-301F-11D3-BF4B-00C04F79EFBC}") = "Outbox.Abstractions", "src\Outbox\Outbox.Abstractions\Outbox.Abstractions.csproj", "{95D6F084-3CB5-452B-AFAB-D03D7FA663D1}"
EndProject
Global
	GlobalSection(SolutionConfigurationPlatforms) = preSolution
		Debug|Any CPU = Debug|Any CPU
		Release|Any CPU = Release|Any CPU
	EndGlobalSection
	GlobalSection(ProjectConfigurationPlatforms) = postSolution
		{AAC125D5-C812-43F0-BB44-37FB8560B798}.Debug|Any CPU.ActiveCfg = Debug|Any CPU
		{AAC125D5-C812-43F0-BB44-37FB8560B798}.Debug|Any CPU.Build.0 = Debug|Any CPU
		{AAC125D5-C812-43F0-BB44-37FB8560B798}.Release|Any CPU.ActiveCfg = Release|Any CPU
		{AAC125D5-C812-43F0-BB44-37FB8560B798}.Release|Any CPU.Build.0 = Release|Any CPU
		{9D78674C-74F3-442D-8317-25F98C5A17FE}.Debug|Any CPU.ActiveCfg = Debug|Any CPU
		{9D78674C-74F3-442D-8317-25F98C5A17FE}.Debug|Any CPU.Build.0 = Debug|Any CPU
		{9D78674C-74F3-442D-8317-25F98C5A17FE}.Release|Any CPU.ActiveCfg = Release|Any CPU
		{9D78674C-74F3-442D-8317-25F98C5A17FE}.Release|Any CPU.Build.0 = Release|Any CPU
		{5FB75F59-9751-4158-A630-4F6CCE54FDEE}.Debug|Any CPU.ActiveCfg = Debug|Any CPU
		{5FB75F59-9751-4158-A630-4F6CCE54FDEE}.Debug|Any CPU.Build.0 = Debug|Any CPU
		{5FB75F59-9751-4158-A630-4F6CCE54FDEE}.Release|Any CPU.ActiveCfg = Release|Any CPU
		{5FB75F59-9751-4158-A630-4F6CCE54FDEE}.Release|Any CPU.Build.0 = Release|Any CPU
		{2D8745AE-8A26-4F88-84BD-90E0A39B074F}.Debug|Any CPU.ActiveCfg = Debug|Any CPU
		{2D8745AE-8A26-4F88-84BD-90E0A39B074F}.Debug|Any CPU.Build.0 = Debug|Any CPU
		{2D8745AE-8A26-4F88-84BD-90E0A39B074F}.Release|Any CPU.ActiveCfg = Release|Any CPU
		{2D8745AE-8A26-4F88-84BD-90E0A39B074F}.Release|Any CPU.Build.0 = Release|Any CPU
		{2D997510-F498-4DD0-8F0B-8EF34DB3674D}.Debug|Any CPU.ActiveCfg = Debug|Any CPU
		{2D997510-F498-4DD0-8F0B-8EF34DB3674D}.Debug|Any CPU.Build.0 = Debug|Any CPU
		{2D997510-F498-4DD0-8F0B-8EF34DB3674D}.Release|Any CPU.ActiveCfg = Release|Any CPU
		{2D997510-F498-4DD0-8F0B-8EF34DB3674D}.Release|Any CPU.Build.0 = Release|Any CPU
		{D804F76F-B084-47E9-9B85-9CF4E45E978E}.Debug|Any CPU.ActiveCfg = Debug|Any CPU
		{D804F76F-B084-47E9-9B85-9CF4E45E978E}.Debug|Any CPU.Build.0 = Debug|Any CPU
		{D804F76F-B084-47E9-9B85-9CF4E45E978E}.Release|Any CPU.ActiveCfg = Release|Any CPU
		{D804F76F-B084-47E9-9B85-9CF4E45E978E}.Release|Any CPU.Build.0 = Release|Any CPU
		{C4DB207B-900D-49FE-9851-E767272E39BC}.Debug|Any CPU.ActiveCfg = Debug|Any CPU
		{C4DB207B-900D-49FE-9851-E767272E39BC}.Debug|Any CPU.Build.0 = Debug|Any CPU
		{C4DB207B-900D-49FE-9851-E767272E39BC}.Release|Any CPU.ActiveCfg = Release|Any CPU
		{C4DB207B-900D-49FE-9851-E767272E39BC}.Release|Any CPU.Build.0 = Release|Any CPU
		{701044DD-0E01-4D19-BE05-D2B3620D3A7A}.Debug|Any CPU.ActiveCfg = Debug|Any CPU
		{701044DD-0E01-4D19-BE05-D2B3620D3A7A}.Debug|Any CPU.Build.0 = Debug|Any CPU
		{701044DD-0E01-4D19-BE05-D2B3620D3A7A}.Release|Any CPU.ActiveCfg = Release|Any CPU
		{701044DD-0E01-4D19-BE05-D2B3620D3A7A}.Release|Any CPU.Build.0 = Release|Any CPU
		{C2D2B663-8662-47A9-9B43-9B917A700247}.Debug|Any CPU.ActiveCfg = Debug|Any CPU
		{C2D2B663-8662-47A9-9B43-9B917A700247}.Debug|Any CPU.Build.0 = Debug|Any CPU
		{C2D2B663-8662-47A9-9B43-9B917A700247}.Release|Any CPU.ActiveCfg = Release|Any CPU
		{C2D2B663-8662-47A9-9B43-9B917A700247}.Release|Any CPU.Build.0 = Release|Any CPU
		{29DF6F1E-8742-4E5B-A4D9-9F39B34A14C8}.Debug|Any CPU.ActiveCfg = Debug|Any CPU
		{29DF6F1E-8742-4E5B-A4D9-9F39B34A14C8}.Debug|Any CPU.Build.0 = Debug|Any CPU
		{29DF6F1E-8742-4E5B-A4D9-9F39B34A14C8}.Release|Any CPU.ActiveCfg = Release|Any CPU
		{29DF6F1E-8742-4E5B-A4D9-9F39B34A14C8}.Release|Any CPU.Build.0 = Release|Any CPU
		{99203840-3B33-44DB-A9B7-2DEC2ACFF7B3}.Debug|Any CPU.ActiveCfg = Debug|Any CPU
		{99203840-3B33-44DB-A9B7-2DEC2ACFF7B3}.Debug|Any CPU.Build.0 = Debug|Any CPU
		{99203840-3B33-44DB-A9B7-2DEC2ACFF7B3}.Release|Any CPU.ActiveCfg = Release|Any CPU
		{99203840-3B33-44DB-A9B7-2DEC2ACFF7B3}.Release|Any CPU.Build.0 = Release|Any CPU
		{CC284921-DF0B-453D-B3B5-EEBF7DEF6B47}.Debug|Any CPU.ActiveCfg = Debug|Any CPU
		{CC284921-DF0B-453D-B3B5-EEBF7DEF6B47}.Debug|Any CPU.Build.0 = Debug|Any CPU
		{CC284921-DF0B-453D-B3B5-EEBF7DEF6B47}.Release|Any CPU.ActiveCfg = Release|Any CPU
		{CC284921-DF0B-453D-B3B5-EEBF7DEF6B47}.Release|Any CPU.Build.0 = Release|Any CPU
		{5482CD78-B40B-4A77-9102-8494ED9113ED}.Debug|Any CPU.ActiveCfg = Debug|Any CPU
		{5482CD78-B40B-4A77-9102-8494ED9113ED}.Debug|Any CPU.Build.0 = Debug|Any CPU
		{5482CD78-B40B-4A77-9102-8494ED9113ED}.Release|Any CPU.ActiveCfg = Release|Any CPU
		{5482CD78-B40B-4A77-9102-8494ED9113ED}.Release|Any CPU.Build.0 = Release|Any CPU
		{3FFEADBE-25E3-43AF-B74C-75BC4E9EEE2A}.Debug|Any CPU.ActiveCfg = Debug|Any CPU
		{3FFEADBE-25E3-43AF-B74C-75BC4E9EEE2A}.Debug|Any CPU.Build.0 = Debug|Any CPU
		{3FFEADBE-25E3-43AF-B74C-75BC4E9EEE2A}.Release|Any CPU.ActiveCfg = Release|Any CPU
		{3FFEADBE-25E3-43AF-B74C-75BC4E9EEE2A}.Release|Any CPU.Build.0 = Release|Any CPU
		{F2F5991E-7DBD-4FC3-87F2-73055763E0EB}.Debug|Any CPU.ActiveCfg = Debug|Any CPU
		{F2F5991E-7DBD-4FC3-87F2-73055763E0EB}.Debug|Any CPU.Build.0 = Debug|Any CPU
		{F2F5991E-7DBD-4FC3-87F2-73055763E0EB}.Release|Any CPU.ActiveCfg = Release|Any CPU
		{F2F5991E-7DBD-4FC3-87F2-73055763E0EB}.Release|Any CPU.Build.0 = Release|Any CPU
		{FC99C3CF-27DA-4BEB-AF84-099AD1809745}.Debug|Any CPU.ActiveCfg = Debug|Any CPU
		{FC99C3CF-27DA-4BEB-AF84-099AD1809745}.Debug|Any CPU.Build.0 = Debug|Any CPU
		{FC99C3CF-27DA-4BEB-AF84-099AD1809745}.Release|Any CPU.ActiveCfg = Release|Any CPU
		{FC99C3CF-27DA-4BEB-AF84-099AD1809745}.Release|Any CPU.Build.0 = Release|Any CPU
		{809B2A99-EC39-4C16-A92A-5DB1FFB4D10D}.Debug|Any CPU.ActiveCfg = Debug|Any CPU
		{809B2A99-EC39-4C16-A92A-5DB1FFB4D10D}.Debug|Any CPU.Build.0 = Debug|Any CPU
		{809B2A99-EC39-4C16-A92A-5DB1FFB4D10D}.Release|Any CPU.ActiveCfg = Release|Any CPU
		{809B2A99-EC39-4C16-A92A-5DB1FFB4D10D}.Release|Any CPU.Build.0 = Release|Any CPU
		{DF025B0B-ACFD-4154-9003-0D065E52D671}.Debug|Any CPU.ActiveCfg = Debug|Any CPU
		{DF025B0B-ACFD-4154-9003-0D065E52D671}.Debug|Any CPU.Build.0 = Debug|Any CPU
		{DF025B0B-ACFD-4154-9003-0D065E52D671}.Release|Any CPU.ActiveCfg = Release|Any CPU
		{DF025B0B-ACFD-4154-9003-0D065E52D671}.Release|Any CPU.Build.0 = Release|Any CPU
		{337C504C-3A24-407B-A30E-F7820661537F}.Debug|Any CPU.ActiveCfg = Debug|Any CPU
		{337C504C-3A24-407B-A30E-F7820661537F}.Debug|Any CPU.Build.0 = Debug|Any CPU
		{337C504C-3A24-407B-A30E-F7820661537F}.Release|Any CPU.ActiveCfg = Release|Any CPU
		{337C504C-3A24-407B-A30E-F7820661537F}.Release|Any CPU.Build.0 = Release|Any CPU
		{C22AB55E-4380-49D0-9F5B-874E61C3695B}.Debug|Any CPU.ActiveCfg = Debug|Any CPU
		{C22AB55E-4380-49D0-9F5B-874E61C3695B}.Debug|Any CPU.Build.0 = Debug|Any CPU
		{C22AB55E-4380-49D0-9F5B-874E61C3695B}.Release|Any CPU.ActiveCfg = Release|Any CPU
		{C22AB55E-4380-49D0-9F5B-874E61C3695B}.Release|Any CPU.Build.0 = Release|Any CPU
		{5284514D-CFD4-4C53-BB78-4BF04D98B253}.Debug|Any CPU.ActiveCfg = Debug|Any CPU
		{5284514D-CFD4-4C53-BB78-4BF04D98B253}.Debug|Any CPU.Build.0 = Debug|Any CPU
		{5284514D-CFD4-4C53-BB78-4BF04D98B253}.Release|Any CPU.ActiveCfg = Release|Any CPU
		{5284514D-CFD4-4C53-BB78-4BF04D98B253}.Release|Any CPU.Build.0 = Release|Any CPU
		{82588A5F-AF28-4190-8DED-8CAC85448CB0}.Debug|Any CPU.ActiveCfg = Debug|Any CPU
		{82588A5F-AF28-4190-8DED-8CAC85448CB0}.Debug|Any CPU.Build.0 = Debug|Any CPU
		{82588A5F-AF28-4190-8DED-8CAC85448CB0}.Release|Any CPU.ActiveCfg = Release|Any CPU
		{82588A5F-AF28-4190-8DED-8CAC85448CB0}.Release|Any CPU.Build.0 = Release|Any CPU
		{019457B8-B9BC-4CC3-B83C-93AEE34506A9}.Debug|Any CPU.ActiveCfg = Debug|Any CPU
		{019457B8-B9BC-4CC3-B83C-93AEE34506A9}.Debug|Any CPU.Build.0 = Debug|Any CPU
		{019457B8-B9BC-4CC3-B83C-93AEE34506A9}.Release|Any CPU.ActiveCfg = Release|Any CPU
		{019457B8-B9BC-4CC3-B83C-93AEE34506A9}.Release|Any CPU.Build.0 = Release|Any CPU
		{D2FF14F0-052D-44D0-A46A-5E85FBF46D60}.Debug|Any CPU.ActiveCfg = Debug|Any CPU
		{D2FF14F0-052D-44D0-A46A-5E85FBF46D60}.Debug|Any CPU.Build.0 = Debug|Any CPU
		{D2FF14F0-052D-44D0-A46A-5E85FBF46D60}.Release|Any CPU.ActiveCfg = Release|Any CPU
		{D2FF14F0-052D-44D0-A46A-5E85FBF46D60}.Release|Any CPU.Build.0 = Release|Any CPU
		{DFCBA6C2-A26A-4BD3-BB4E-AC69AF288FF4}.Debug|Any CPU.ActiveCfg = Debug|Any CPU
		{DFCBA6C2-A26A-4BD3-BB4E-AC69AF288FF4}.Debug|Any CPU.Build.0 = Debug|Any CPU
		{DFCBA6C2-A26A-4BD3-BB4E-AC69AF288FF4}.Release|Any CPU.ActiveCfg = Release|Any CPU
		{DFCBA6C2-A26A-4BD3-BB4E-AC69AF288FF4}.Release|Any CPU.Build.0 = Release|Any CPU
		{0F242458-8FAA-481C-A0F3-38D435A0934F}.Debug|Any CPU.ActiveCfg = Debug|Any CPU
		{0F242458-8FAA-481C-A0F3-38D435A0934F}.Debug|Any CPU.Build.0 = Debug|Any CPU
		{0F242458-8FAA-481C-A0F3-38D435A0934F}.Release|Any CPU.ActiveCfg = Release|Any CPU
		{0F242458-8FAA-481C-A0F3-38D435A0934F}.Release|Any CPU.Build.0 = Release|Any CPU
		{FFFDE282-A573-4EE9-8CD1-8E6EB2582A37}.Debug|Any CPU.ActiveCfg = Debug|Any CPU
		{FFFDE282-A573-4EE9-8CD1-8E6EB2582A37}.Debug|Any CPU.Build.0 = Debug|Any CPU
		{FFFDE282-A573-4EE9-8CD1-8E6EB2582A37}.Release|Any CPU.ActiveCfg = Release|Any CPU
		{FFFDE282-A573-4EE9-8CD1-8E6EB2582A37}.Release|Any CPU.Build.0 = Release|Any CPU
		{DCCA0E56-B33E-4AF7-BF01-E5556C9E099F}.Debug|Any CPU.ActiveCfg = Debug|Any CPU
		{DCCA0E56-B33E-4AF7-BF01-E5556C9E099F}.Debug|Any CPU.Build.0 = Debug|Any CPU
		{DCCA0E56-B33E-4AF7-BF01-E5556C9E099F}.Release|Any CPU.ActiveCfg = Release|Any CPU
		{DCCA0E56-B33E-4AF7-BF01-E5556C9E099F}.Release|Any CPU.Build.0 = Release|Any CPU
		{39AAAF3A-C29D-4FCF-B647-0823BB174F91}.Debug|Any CPU.ActiveCfg = Debug|Any CPU
		{39AAAF3A-C29D-4FCF-B647-0823BB174F91}.Debug|Any CPU.Build.0 = Debug|Any CPU
		{39AAAF3A-C29D-4FCF-B647-0823BB174F91}.Release|Any CPU.ActiveCfg = Release|Any CPU
		{39AAAF3A-C29D-4FCF-B647-0823BB174F91}.Release|Any CPU.Build.0 = Release|Any CPU
		{ACB16586-CA00-463E-B20B-D1F5CF0FCDDB}.Debug|Any CPU.ActiveCfg = Debug|Any CPU
		{ACB16586-CA00-463E-B20B-D1F5CF0FCDDB}.Debug|Any CPU.Build.0 = Debug|Any CPU
		{ACB16586-CA00-463E-B20B-D1F5CF0FCDDB}.Release|Any CPU.ActiveCfg = Release|Any CPU
		{ACB16586-CA00-463E-B20B-D1F5CF0FCDDB}.Release|Any CPU.Build.0 = Release|Any CPU
		{8349030A-28F8-4081-8E6B-D492DA146915}.Debug|Any CPU.ActiveCfg = Debug|Any CPU
		{8349030A-28F8-4081-8E6B-D492DA146915}.Debug|Any CPU.Build.0 = Debug|Any CPU
		{8349030A-28F8-4081-8E6B-D492DA146915}.Release|Any CPU.ActiveCfg = Release|Any CPU
		{8349030A-28F8-4081-8E6B-D492DA146915}.Release|Any CPU.Build.0 = Release|Any CPU
		{C3FAC076-D9BD-4AA8-98CE-D45D11516581}.Debug|Any CPU.ActiveCfg = Debug|Any CPU
		{C3FAC076-D9BD-4AA8-98CE-D45D11516581}.Debug|Any CPU.Build.0 = Debug|Any CPU
		{C3FAC076-D9BD-4AA8-98CE-D45D11516581}.Release|Any CPU.ActiveCfg = Release|Any CPU
		{C3FAC076-D9BD-4AA8-98CE-D45D11516581}.Release|Any CPU.Build.0 = Release|Any CPU
		{8161B3AE-E14C-4437-8B1B-66306538860A}.Debug|Any CPU.ActiveCfg = Debug|Any CPU
		{8161B3AE-E14C-4437-8B1B-66306538860A}.Debug|Any CPU.Build.0 = Debug|Any CPU
		{8161B3AE-E14C-4437-8B1B-66306538860A}.Release|Any CPU.ActiveCfg = Release|Any CPU
		{8161B3AE-E14C-4437-8B1B-66306538860A}.Release|Any CPU.Build.0 = Release|Any CPU
		{E6D39420-DF95-4E9D-A1AB-95EA5ECFF37E}.Debug|Any CPU.ActiveCfg = Debug|Any CPU
		{E6D39420-DF95-4E9D-A1AB-95EA5ECFF37E}.Debug|Any CPU.Build.0 = Debug|Any CPU
		{E6D39420-DF95-4E9D-A1AB-95EA5ECFF37E}.Release|Any CPU.ActiveCfg = Release|Any CPU
		{E6D39420-DF95-4E9D-A1AB-95EA5ECFF37E}.Release|Any CPU.Build.0 = Release|Any CPU
		{C79AC3F0-2FD8-4577-94CF-254860061F25}.Debug|Any CPU.ActiveCfg = Debug|Any CPU
		{C79AC3F0-2FD8-4577-94CF-254860061F25}.Debug|Any CPU.Build.0 = Debug|Any CPU
		{C79AC3F0-2FD8-4577-94CF-254860061F25}.Release|Any CPU.ActiveCfg = Release|Any CPU
		{C79AC3F0-2FD8-4577-94CF-254860061F25}.Release|Any CPU.Build.0 = Release|Any CPU
		{25C16450-3AC8-493F-904D-666285C5C4BA}.Debug|Any CPU.ActiveCfg = Debug|Any CPU
		{25C16450-3AC8-493F-904D-666285C5C4BA}.Debug|Any CPU.Build.0 = Debug|Any CPU
		{25C16450-3AC8-493F-904D-666285C5C4BA}.Release|Any CPU.ActiveCfg = Release|Any CPU
		{25C16450-3AC8-493F-904D-666285C5C4BA}.Release|Any CPU.Build.0 = Release|Any CPU
		{95D6F084-3CB5-452B-AFAB-D03D7FA663D1}.Debug|Any CPU.ActiveCfg = Debug|Any CPU
		{95D6F084-3CB5-452B-AFAB-D03D7FA663D1}.Debug|Any CPU.Build.0 = Debug|Any CPU
		{95D6F084-3CB5-452B-AFAB-D03D7FA663D1}.Release|Any CPU.ActiveCfg = Release|Any CPU
		{95D6F084-3CB5-452B-AFAB-D03D7FA663D1}.Release|Any CPU.Build.0 = Release|Any CPU
	EndGlobalSection
	GlobalSection(SolutionProperties) = preSolution
		HideSolutionNode = FALSE
	EndGlobalSection
	GlobalSection(NestedProjects) = preSolution
		{9D78674C-74F3-442D-8317-25F98C5A17FE} = {577BA787-2133-46A6-A6EB-71DF80E34DB1}
		{5FB75F59-9751-4158-A630-4F6CCE54FDEE} = {74FB658E-257B-46FD-BDA2-CCB04BCF4E2B}
		{2D8745AE-8A26-4F88-84BD-90E0A39B074F} = {74FB658E-257B-46FD-BDA2-CCB04BCF4E2B}
		{2D997510-F498-4DD0-8F0B-8EF34DB3674D} = {74FB658E-257B-46FD-BDA2-CCB04BCF4E2B}
		{D804F76F-B084-47E9-9B85-9CF4E45E978E} = {74FB658E-257B-46FD-BDA2-CCB04BCF4E2B}
		{C4DB207B-900D-49FE-9851-E767272E39BC} = {A4F8C4B6-7C55-4871-9FBF-35CA3FD91814}
		{701044DD-0E01-4D19-BE05-D2B3620D3A7A} = {F064CD6B-B9AA-4FF3-8528-19F9D194B1DE}
		{C2D2B663-8662-47A9-9B43-9B917A700247} = {F064CD6B-B9AA-4FF3-8528-19F9D194B1DE}
		{29DF6F1E-8742-4E5B-A4D9-9F39B34A14C8} = {F064CD6B-B9AA-4FF3-8528-19F9D194B1DE}
		{99203840-3B33-44DB-A9B7-2DEC2ACFF7B3} = {F064CD6B-B9AA-4FF3-8528-19F9D194B1DE}
		{CC284921-DF0B-453D-B3B5-EEBF7DEF6B47} = {A4F8C4B6-7C55-4871-9FBF-35CA3FD91814}
		{5482CD78-B40B-4A77-9102-8494ED9113ED} = {A4F8C4B6-7C55-4871-9FBF-35CA3FD91814}
		{3FFEADBE-25E3-43AF-B74C-75BC4E9EEE2A} = {74FB658E-257B-46FD-BDA2-CCB04BCF4E2B}
		{F2F5991E-7DBD-4FC3-87F2-73055763E0EB} = {F064CD6B-B9AA-4FF3-8528-19F9D194B1DE}
		{FC99C3CF-27DA-4BEB-AF84-099AD1809745} = {8A3603E7-A45B-47DF-A508-FCD9AD890C5E}
		{809B2A99-EC39-4C16-A92A-5DB1FFB4D10D} = {8A3603E7-A45B-47DF-A508-FCD9AD890C5E}
		{DF025B0B-ACFD-4154-9003-0D065E52D671} = {8A3603E7-A45B-47DF-A508-FCD9AD890C5E}
		{337C504C-3A24-407B-A30E-F7820661537F} = {8A3603E7-A45B-47DF-A508-FCD9AD890C5E}
		{C22AB55E-4380-49D0-9F5B-874E61C3695B} = {8A3603E7-A45B-47DF-A508-FCD9AD890C5E}
		{5284514D-CFD4-4C53-BB78-4BF04D98B253} = {9C094FC9-BD03-4946-AE75-957A217DF12B}
		{82588A5F-AF28-4190-8DED-8CAC85448CB0} = {9C094FC9-BD03-4946-AE75-957A217DF12B}
		{019457B8-B9BC-4CC3-B83C-93AEE34506A9} = {9C094FC9-BD03-4946-AE75-957A217DF12B}
		{D2FF14F0-052D-44D0-A46A-5E85FBF46D60} = {9C094FC9-BD03-4946-AE75-957A217DF12B}
		{DFCBA6C2-A26A-4BD3-BB4E-AC69AF288FF4} = {9C094FC9-BD03-4946-AE75-957A217DF12B}
		{0F242458-8FAA-481C-A0F3-38D435A0934F} = {1A5252E1-F2C1-4996-8FDD-B0952AD62D9E}
		{FFFDE282-A573-4EE9-8CD1-8E6EB2582A37} = {1A5252E1-F2C1-4996-8FDD-B0952AD62D9E}
		{DCCA0E56-B33E-4AF7-BF01-E5556C9E099F} = {1A5252E1-F2C1-4996-8FDD-B0952AD62D9E}
		{39AAAF3A-C29D-4FCF-B647-0823BB174F91} = {1A5252E1-F2C1-4996-8FDD-B0952AD62D9E}
		{ACB16586-CA00-463E-B20B-D1F5CF0FCDDB} = {1A5252E1-F2C1-4996-8FDD-B0952AD62D9E}
		{24BE9756-D6B2-411B-BFBC-C0FCE838A0A2} = {577BA787-2133-46A6-A6EB-71DF80E34DB1}
		{8349030A-28F8-4081-8E6B-D492DA146915} = {24BE9756-D6B2-411B-BFBC-C0FCE838A0A2}
		{C3FAC076-D9BD-4AA8-98CE-D45D11516581} = {24BE9756-D6B2-411B-BFBC-C0FCE838A0A2}
		{8161B3AE-E14C-4437-8B1B-66306538860A} = {24BE9756-D6B2-411B-BFBC-C0FCE838A0A2}
		{E6D39420-DF95-4E9D-A1AB-95EA5ECFF37E} = {24BE9756-D6B2-411B-BFBC-C0FCE838A0A2}
		{C79AC3F0-2FD8-4577-94CF-254860061F25} = {24BE9756-D6B2-411B-BFBC-C0FCE838A0A2}
		{25C16450-3AC8-493F-904D-666285C5C4BA} = {37509685-3029-40A5-B1FE-8FC8F7261ED3}
		{95D6F084-3CB5-452B-AFAB-D03D7FA663D1} = {37509685-3029-40A5-B1FE-8FC8F7261ED3}
	EndGlobalSection
	GlobalSection(ExtensibilityGlobals) = postSolution
		SolutionGuid = {5FC1C575-387B-483D-A203-CBC9A3CDF74C}
	EndGlobalSection
EndGlobal
